
Microsoft Visual Studio Solution File, Format Version 12.00
# Visual Studio Version 17
VisualStudioVersion = 17.3.32819.101
MinimumVisualStudioVersion = 10.0.40219.1
Project("{FAE04EC0-301F-11D3-BF4B-00C04F79EFBC}") = "Exercise_2_1_1", "Exercise_2_1_1\Exercise_2_1_1.csproj", "{4DBBB951-7341-4B98-861F-2AA7465DA24F}"
EndProject
Project("{FAE04EC0-301F-11D3-BF4B-00C04F79EFBC}") = "Exercise_2_1_2", "Exercise_2_1_2\Exercise_2_1_2.csproj", "{417425CA-D02B-4BA2-9812-1AD2050780A9}"
EndProject
Project("{FAE04EC0-301F-11D3-BF4B-00C04F79EFBC}") = "Exercise_2_1_3", "Exercise_2_1_3\Exercise_2_1_3.csproj", "{76C3ECE5-4C54-422A-9EBB-3AD1724B4A37}"
EndProject
Global
	GlobalSection(SolutionConfigurationPlatforms) = preSolution
		Debug|Any CPU = Debug|Any CPU
		Release|Any CPU = Release|Any CPU
	EndGlobalSection
	GlobalSection(ProjectConfigurationPlatforms) = postSolution
		{4DBBB951-7341-4B98-861F-2AA7465DA24F}.Debug|Any CPU.ActiveCfg = Debug|Any CPU
		{4DBBB951-7341-4B98-861F-2AA7465DA24F}.Debug|Any CPU.Build.0 = Debug|Any CPU
		{4DBBB951-7341-4B98-861F-2AA7465DA24F}.Release|Any CPU.ActiveCfg = Release|Any CPU
		{4DBBB951-7341-4B98-861F-2AA7465DA24F}.Release|Any CPU.Build.0 = Release|Any CPU
		{417425CA-D02B-4BA2-9812-1AD2050780A9}.Debug|Any CPU.ActiveCfg = Debug|Any CPU
		{417425CA-D02B-4BA2-9812-1AD2050780A9}.Debug|Any CPU.Build.0 = Debug|Any CPU
		{417425CA-D02B-4BA2-9812-1AD2050780A9}.Release|Any CPU.ActiveCfg = Release|Any CPU
		{417425CA-D02B-4BA2-9812-1AD2050780A9}.Release|Any CPU.Build.0 = Release|Any CPU
		{76C3ECE5-4C54-422A-9EBB-3AD1724B4A37}.Debug|Any CPU.ActiveCfg = Debug|Any CPU
		{76C3ECE5-4C54-422A-9EBB-3AD1724B4A37}.Debug|Any CPU.Build.0 = Debug|Any CPU
		{76C3ECE5-4C54-422A-9EBB-3AD1724B4A37}.Release|Any CPU.ActiveCfg = Release|Any CPU
		{76C3ECE5-4C54-422A-9EBB-3AD1724B4A37}.Release|Any CPU.Build.0 = Release|Any CPU
	EndGlobalSection
	GlobalSection(SolutionProperties) = preSolution
		HideSolutionNode = FALSE
	EndGlobalSection
	GlobalSection(ExtensibilityGlobals) = postSolution
		SolutionGuid = {92124825-7FB0-4F08-AC7E-B78C2B9C8C4A}
	EndGlobalSection
EndGlobal
